
Microsoft Visual Studio Solution File, Format Version 12.00
# Visual Studio 15
VisualStudioVersion = 15.0.28307.438
MinimumVisualStudioVersion = 10.0.40219.1
Project("{FAE04EC0-301F-11D3-BF4B-00C04F79EFBC}") = "EntityUygulama", "EntityUygulama\EntityUygulama.csproj", "{0C77F903-17DC-41E1-8729-927BB6175DFE}"
EndProject
Global
	GlobalSection(SolutionConfigurationPlatforms) = preSolution
		Debug|Any CPU = Debug|Any CPU
		Release|Any CPU = Release|Any CPU
	EndGlobalSection
	GlobalSection(ProjectConfigurationPlatforms) = postSolution
		{0C77F903-17DC-41E1-8729-927BB6175DFE}.Debug|Any CPU.ActiveCfg = Debug|Any CPU
		{0C77F903-17DC-41E1-8729-927BB6175DFE}.Debug|Any CPU.Build.0 = Debug|Any CPU
		{0C77F903-17DC-41E1-8729-927BB6175DFE}.Release|Any CPU.ActiveCfg = Release|Any CPU
		{0C77F903-17DC-41E1-8729-927BB6175DFE}.Release|Any CPU.Build.0 = Release|Any CPU
	EndGlobalSection
	GlobalSection(SolutionProperties) = preSolution
		HideSolutionNode = FALSE
	EndGlobalSection
	GlobalSection(ExtensibilityGlobals) = postSolution
		SolutionGuid = {094F8DF4-B283-483E-88ED-F0BCD05A6BF8}
	EndGlobalSection
EndGlobal
