
Microsoft Visual Studio Solution File, Format Version 12.00
# Visual Studio 15
VisualStudioVersion = 15.0.28307.438
MinimumVisualStudioVersion = 10.0.40219.1
Project("{FAE04EC0-301F-11D3-BF4B-00C04F79EFBC}") = "HaberUygulamasi", "HaberUygulamasi\HaberUygulamasi.csproj", "{D76BAB9B-2FDF-4560-9391-74FDC5BFEA0B}"
EndProject
Global
	GlobalSection(SolutionConfigurationPlatforms) = preSolution
		Debug|Any CPU = Debug|Any CPU
		Release|Any CPU = Release|Any CPU
	EndGlobalSection
	GlobalSection(ProjectConfigurationPlatforms) = postSolution
		{D76BAB9B-2FDF-4560-9391-74FDC5BFEA0B}.Debug|Any CPU.ActiveCfg = Debug|Any CPU
		{D76BAB9B-2FDF-4560-9391-74FDC5BFEA0B}.Debug|Any CPU.Build.0 = Debug|Any CPU
		{D76BAB9B-2FDF-4560-9391-74FDC5BFEA0B}.Release|Any CPU.ActiveCfg = Release|Any CPU
		{D76BAB9B-2FDF-4560-9391-74FDC5BFEA0B}.Release|Any CPU.Build.0 = Release|Any CPU
	EndGlobalSection
	GlobalSection(SolutionProperties) = preSolution
		HideSolutionNode = FALSE
	EndGlobalSection
	GlobalSection(ExtensibilityGlobals) = postSolution
		SolutionGuid = {E60B26FC-9468-445A-AAC4-B0B81529CE69}
	EndGlobalSection
EndGlobal
